
Microsoft Visual Studio Solution File, Format Version 12.00
# Visual Studio Version 16
VisualStudioVersion = 16.0.32413.511
MinimumVisualStudioVersion = 10.0.40219.1
Project("{FAE04EC0-301F-11D3-BF4B-00C04F79EFBC}") = "ParkingLotAPP", "ParkingLotAPP\ParkingLotAPP.csproj", "{494E549D-63EF-4CAE-B9C1-F96A9DFAD7AE}"
EndProject
Global
	GlobalSection(SolutionConfigurationPlatforms) = preSolution
		Debug|Any CPU = Debug|Any CPU
		Release|Any CPU = Release|Any CPU
	EndGlobalSection
	GlobalSection(ProjectConfigurationPlatforms) = postSolution
		{494E549D-63EF-4CAE-B9C1-F96A9DFAD7AE}.Debug|Any CPU.ActiveCfg = Debug|Any CPU
		{494E549D-63EF-4CAE-B9C1-F96A9DFAD7AE}.Debug|Any CPU.Build.0 = Debug|Any CPU
		{494E549D-63EF-4CAE-B9C1-F96A9DFAD7AE}.Release|Any CPU.ActiveCfg = Release|Any CPU
		{494E549D-63EF-4CAE-B9C1-F96A9DFAD7AE}.Release|Any CPU.Build.0 = Release|Any CPU
	EndGlobalSection
	GlobalSection(SolutionProperties) = preSolution
		HideSolutionNode = FALSE
	EndGlobalSection
	GlobalSection(ExtensibilityGlobals) = postSolution
		SolutionGuid = {62A42674-DC43-4E89-B27C-5CBAC2F39849}
	EndGlobalSection
EndGlobal
